
Microsoft Visual Studio Solution File, Format Version 12.00
# Visual Studio Version 17
VisualStudioVersion = 17.9.34728.123
MinimumVisualStudioVersion = 10.0.40219.1
Project("{FAE04EC0-301F-11D3-BF4B-00C04F79EFBC}") = "Hello_Grid", "Hello_Grid\Hello_Grid.csproj", "{8469A3B3-C6A0-4089-9832-43F2963DC46A}"
EndProject
Global
	GlobalSection(SolutionConfigurationPlatforms) = preSolution
		Debug|Any CPU = Debug|Any CPU
		Release|Any CPU = Release|Any CPU
	EndGlobalSection
	GlobalSection(ProjectConfigurationPlatforms) = postSolution
		{8469A3B3-C6A0-4089-9832-43F2963DC46A}.Debug|Any CPU.ActiveCfg = Debug|Any CPU
		{8469A3B3-C6A0-4089-9832-43F2963DC46A}.Debug|Any CPU.Build.0 = Debug|Any CPU
		{8469A3B3-C6A0-4089-9832-43F2963DC46A}.Release|Any CPU.ActiveCfg = Release|Any CPU
		{8469A3B3-C6A0-4089-9832-43F2963DC46A}.Release|Any CPU.Build.0 = Release|Any CPU
	EndGlobalSection
	GlobalSection(SolutionProperties) = preSolution
		HideSolutionNode = FALSE
	EndGlobalSection
	GlobalSection(ExtensibilityGlobals) = postSolution
		SolutionGuid = {0280DB84-B6D6-4563-BC9B-DD8B7B7688EB}
	EndGlobalSection
EndGlobal
