
Microsoft Visual Studio Solution File, Format Version 12.00
# Visual Studio Version 17
VisualStudioVersion = 17.0.31903.59
MinimumVisualStudioVersion = 10.0.40219.1
Project("{FAE04EC0-301F-11D3-BF4B-00C04F79EFBC}") = "Adder", "Adder\Adder.csproj", "{7D015B89-EA73-475C-B4B6-93B9CD9D2CA4}"
EndProject
Project("{FAE04EC0-301F-11D3-BF4B-00C04F79EFBC}") = "Adder.Tests", "Adder.Tests\Adder.Tests.csproj", "{CFFFEA99-AA36-4FF8-AFFB-C24EA37ADEC0}"
EndProject
Global
	GlobalSection(SolutionConfigurationPlatforms) = preSolution
		Debug|Any CPU = Debug|Any CPU
		Release|Any CPU = Release|Any CPU
	EndGlobalSection
	GlobalSection(SolutionProperties) = preSolution
		HideSolutionNode = FALSE
	EndGlobalSection
	GlobalSection(ProjectConfigurationPlatforms) = postSolution
		{7D015B89-EA73-475C-B4B6-93B9CD9D2CA4}.Debug|Any CPU.ActiveCfg = Debug|Any CPU
		{7D015B89-EA73-475C-B4B6-93B9CD9D2CA4}.Debug|Any CPU.Build.0 = Debug|Any CPU
		{7D015B89-EA73-475C-B4B6-93B9CD9D2CA4}.Release|Any CPU.ActiveCfg = Release|Any CPU
		{7D015B89-EA73-475C-B4B6-93B9CD9D2CA4}.Release|Any CPU.Build.0 = Release|Any CPU
		{CFFFEA99-AA36-4FF8-AFFB-C24EA37ADEC0}.Debug|Any CPU.ActiveCfg = Debug|Any CPU
		{CFFFEA99-AA36-4FF8-AFFB-C24EA37ADEC0}.Debug|Any CPU.Build.0 = Debug|Any CPU
		{CFFFEA99-AA36-4FF8-AFFB-C24EA37ADEC0}.Release|Any CPU.ActiveCfg = Release|Any CPU
		{CFFFEA99-AA36-4FF8-AFFB-C24EA37ADEC0}.Release|Any CPU.Build.0 = Release|Any CPU
	EndGlobalSection
EndGlobal
