
Microsoft Visual Studio Solution File, Format Version 12.00
# Visual Studio Version 17
VisualStudioVersion = 17.5.002.0
MinimumVisualStudioVersion = 10.0.40219.1
Project("{9A19103F-16F7-4668-BE54-9A1E7A4F7556}") = "015_List_csharp", "015_List_csharp.csproj", "{9431615A-CB18-46EF-9F7E-006BAD6BA2A1}"
EndProject
Global
	GlobalSection(SolutionConfigurationPlatforms) = preSolution
		Debug|Any CPU = Debug|Any CPU
		Release|Any CPU = Release|Any CPU
	EndGlobalSection
	GlobalSection(ProjectConfigurationPlatforms) = postSolution
		{9431615A-CB18-46EF-9F7E-006BAD6BA2A1}.Debug|Any CPU.ActiveCfg = Debug|Any CPU
		{9431615A-CB18-46EF-9F7E-006BAD6BA2A1}.Debug|Any CPU.Build.0 = Debug|Any CPU
		{9431615A-CB18-46EF-9F7E-006BAD6BA2A1}.Release|Any CPU.ActiveCfg = Release|Any CPU
		{9431615A-CB18-46EF-9F7E-006BAD6BA2A1}.Release|Any CPU.Build.0 = Release|Any CPU
	EndGlobalSection
	GlobalSection(SolutionProperties) = preSolution
		HideSolutionNode = FALSE
	EndGlobalSection
	GlobalSection(ExtensibilityGlobals) = postSolution
		SolutionGuid = {D3554B19-4D50-4F3C-A108-BAFC492E52EE}
	EndGlobalSection
EndGlobal
