
Microsoft Visual Studio Solution File, Format Version 12.00
# Visual Studio Version 17
VisualStudioVersion = 17.9.34728.123
MinimumVisualStudioVersion = 10.0.40219.1
Project("{FAE04EC0-301F-11D3-BF4B-00C04F79EFBC}") = "HelloWpf", "HelloWpf\HelloWpf.csproj", "{29C0AFDA-B3AE-4F02-9D9A-99EEB6529229}"
EndProject
Global
	GlobalSection(SolutionConfigurationPlatforms) = preSolution
		Debug|Any CPU = Debug|Any CPU
		Release|Any CPU = Release|Any CPU
	EndGlobalSection
	GlobalSection(ProjectConfigurationPlatforms) = postSolution
		{29C0AFDA-B3AE-4F02-9D9A-99EEB6529229}.Debug|Any CPU.ActiveCfg = Debug|Any CPU
		{29C0AFDA-B3AE-4F02-9D9A-99EEB6529229}.Debug|Any CPU.Build.0 = Debug|Any CPU
		{29C0AFDA-B3AE-4F02-9D9A-99EEB6529229}.Release|Any CPU.ActiveCfg = Release|Any CPU
		{29C0AFDA-B3AE-4F02-9D9A-99EEB6529229}.Release|Any CPU.Build.0 = Release|Any CPU
	EndGlobalSection
	GlobalSection(SolutionProperties) = preSolution
		HideSolutionNode = FALSE
	EndGlobalSection
	GlobalSection(ExtensibilityGlobals) = postSolution
		SolutionGuid = {8AFB9A22-6AD1-4B60-9208-B0882881F8DB}
	EndGlobalSection
EndGlobal
