
Microsoft Visual Studio Solution File, Format Version 12.00
# Visual Studio Version 17
VisualStudioVersion = 17.0.31903.59
MinimumVisualStudioVersion = 10.0.40219.1
Project("{FAE04EC0-301F-11D3-BF4B-00C04F79EFBC}") = "ServiceFeeCalculator.Logic", "ServiceFeeCalculator.Logic\ServiceFeeCalculator.Logic.csproj", "{15A9A0DC-5F74-4412-BCC7-75B02DE3D380}"
EndProject
Project("{FAE04EC0-301F-11D3-BF4B-00C04F79EFBC}") = "ServiceFeeCalculator.App", "ServiceFeeCalculator.App\ServiceFeeCalculator.App.csproj", "{6D438CDC-D6EB-4D0F-9F3E-98E1FFF0777E}"
EndProject
Global
	GlobalSection(SolutionConfigurationPlatforms) = preSolution
		Debug|Any CPU = Debug|Any CPU
		Release|Any CPU = Release|Any CPU
	EndGlobalSection
	GlobalSection(SolutionProperties) = preSolution
		HideSolutionNode = FALSE
	EndGlobalSection
	GlobalSection(ProjectConfigurationPlatforms) = postSolution
		{15A9A0DC-5F74-4412-BCC7-75B02DE3D380}.Debug|Any CPU.ActiveCfg = Debug|Any CPU
		{15A9A0DC-5F74-4412-BCC7-75B02DE3D380}.Debug|Any CPU.Build.0 = Debug|Any CPU
		{15A9A0DC-5F74-4412-BCC7-75B02DE3D380}.Release|Any CPU.ActiveCfg = Release|Any CPU
		{15A9A0DC-5F74-4412-BCC7-75B02DE3D380}.Release|Any CPU.Build.0 = Release|Any CPU
		{6D438CDC-D6EB-4D0F-9F3E-98E1FFF0777E}.Debug|Any CPU.ActiveCfg = Debug|Any CPU
		{6D438CDC-D6EB-4D0F-9F3E-98E1FFF0777E}.Debug|Any CPU.Build.0 = Debug|Any CPU
		{6D438CDC-D6EB-4D0F-9F3E-98E1FFF0777E}.Release|Any CPU.ActiveCfg = Release|Any CPU
		{6D438CDC-D6EB-4D0F-9F3E-98E1FFF0777E}.Release|Any CPU.Build.0 = Release|Any CPU
	EndGlobalSection
EndGlobal
