
Microsoft Visual Studio Solution File, Format Version 12.00
# Visual Studio Version 17
VisualStudioVersion = 17.5.002.0
MinimumVisualStudioVersion = 10.0.40219.1
Project("{9A19103F-16F7-4668-BE54-9A1E7A4F7556}") = "016_List_Exercise", "016_List_Exercise.csproj", "{67809C11-8F1A-4039-A67A-C0812EE45F81}"
EndProject
Global
	GlobalSection(SolutionConfigurationPlatforms) = preSolution
		Debug|Any CPU = Debug|Any CPU
		Release|Any CPU = Release|Any CPU
	EndGlobalSection
	GlobalSection(ProjectConfigurationPlatforms) = postSolution
		{67809C11-8F1A-4039-A67A-C0812EE45F81}.Debug|Any CPU.ActiveCfg = Debug|Any CPU
		{67809C11-8F1A-4039-A67A-C0812EE45F81}.Debug|Any CPU.Build.0 = Debug|Any CPU
		{67809C11-8F1A-4039-A67A-C0812EE45F81}.Release|Any CPU.ActiveCfg = Release|Any CPU
		{67809C11-8F1A-4039-A67A-C0812EE45F81}.Release|Any CPU.Build.0 = Release|Any CPU
	EndGlobalSection
	GlobalSection(SolutionProperties) = preSolution
		HideSolutionNode = FALSE
	EndGlobalSection
	GlobalSection(ExtensibilityGlobals) = postSolution
		SolutionGuid = {53116C11-6C21-42E2-943C-44724316BC05}
	EndGlobalSection
EndGlobal
