
Microsoft Visual Studio Solution File, Format Version 12.00
# Visual Studio Version 17
VisualStudioVersion = 17.5.002.0
MinimumVisualStudioVersion = 10.0.40219.1
Project("{9A19103F-16F7-4668-BE54-9A1E7A4F7556}") = "029_interfaces", "029_interfaces.csproj", "{A6D106AD-26BF-4996-A800-A3BC49265229}"
EndProject
Global
	GlobalSection(SolutionConfigurationPlatforms) = preSolution
		Debug|Any CPU = Debug|Any CPU
		Release|Any CPU = Release|Any CPU
	EndGlobalSection
	GlobalSection(ProjectConfigurationPlatforms) = postSolution
		{A6D106AD-26BF-4996-A800-A3BC49265229}.Debug|Any CPU.ActiveCfg = Debug|Any CPU
		{A6D106AD-26BF-4996-A800-A3BC49265229}.Debug|Any CPU.Build.0 = Debug|Any CPU
		{A6D106AD-26BF-4996-A800-A3BC49265229}.Release|Any CPU.ActiveCfg = Release|Any CPU
		{A6D106AD-26BF-4996-A800-A3BC49265229}.Release|Any CPU.Build.0 = Release|Any CPU
	EndGlobalSection
	GlobalSection(SolutionProperties) = preSolution
		HideSolutionNode = FALSE
	EndGlobalSection
	GlobalSection(ExtensibilityGlobals) = postSolution
		SolutionGuid = {49CAF2DF-7550-401E-9DDD-C656084C612B}
	EndGlobalSection
EndGlobal
